
Microsoft Visual Studio Solution File, Format Version 12.00
# Visual Studio 15
VisualStudioVersion = 15.0.28306.52
MinimumVisualStudioVersion = 10.0.40219.1
Project("{888888A0-9F3D-457C-B088-3A5042F75D52}") = "python-neural-network", "python-neural-network\python-neural-network.pyproj", "{67D2D814-DFE5-482F-BAB0-806B6F24F0AE}"
EndProject
Global
	GlobalSection(SolutionConfigurationPlatforms) = preSolution
		Debug|Any CPU = Debug|Any CPU
		Release|Any CPU = Release|Any CPU
	EndGlobalSection
	GlobalSection(ProjectConfigurationPlatforms) = postSolution
		{67D2D814-DFE5-482F-BAB0-806B6F24F0AE}.Debug|Any CPU.ActiveCfg = Debug|Any CPU
		{67D2D814-DFE5-482F-BAB0-806B6F24F0AE}.Release|Any CPU.ActiveCfg = Release|Any CPU
	EndGlobalSection
	GlobalSection(SolutionProperties) = preSolution
		HideSolutionNode = FALSE
	EndGlobalSection
	GlobalSection(ExtensibilityGlobals) = postSolution
		SolutionGuid = {C17A9DB1-B366-4194-9737-E165BC902735}
	EndGlobalSection
EndGlobal
